GEM
  remote: https://rubygems.org/
  specs:
    js (2.8.1)
    logger (1.7.0)
    matrix (0.4.3)
    ruby_wasm (2.8.1)
      logger

PLATFORMS
  arm64-darwin-25
  ruby

DEPENDENCIES
  js (~> 2.8)
  matrix (~> 0.4.3)
  ruby_wasm (~> 2.8)

CHECKSUMS
  js (2.8.1) sha256=d323712badd700346c6fc1e4f053d48c4ed68a51b6aa259455a80effd7bc4338
  logger (1.7.0) sha256=196edec7cc44b66cfb40f9755ce11b392f21f7967696af15d274dde7edff0203
  matrix (0.4.3) sha256=a0d5ab7ddcc1973ff690ab361b67f359acbb16958d1dc072b8b956a286564c5b
  ruby_wasm (2.8.1) sha256=00b53cf88b719bd83e7adde029e192d2d3b52befff322e95d24e2a0cbf0e7775

BUNDLED WITH
  4.0.6
